
Microsoft Visual Studio Solution File, Format Version 12.00
# Visual Studio 15
VisualStudioVersion = 15.0.27130.2027
MinimumVisualStudioVersion = 10.0.40219.1
Project("{9A19103F-16F7-4668-BE54-9A1E7A4F7556}") = "CoreUpdater", "CoreUpdater\CoreUpdater.csproj", "{9719AD42-1FF4-43A9-8241-E5E38B9985FE}"
EndProject
Project("{9A19103F-16F7-4668-BE54-9A1E7A4F7556}") = "CoreUpdater.Console", "CoreUpdater.Console\CoreUpdater.Console.csproj", "{4C0C0100-4906-4D9B-8A1D-6CA176B08CDF}"
EndProject
Project("{9A19103F-16F7-4668-BE54-9A1E7A4F7556}") = "CoreUpdater.Tests", "CoreUpdater.Tests\CoreUpdater.Tests.csproj", "{9141A1E1-4CB9-4595-8455-AA16A94EB7AD}"
EndProject
Project("{FAE04EC0-301F-11D3-BF4B-00C04F79EFBC}") = "CoreUpdater.Sample", "CoreUpdater.Sample\CoreUpdater.Sample.csproj", "{29F880EF-8A94-40E6-BC17-C4BD0F650795}"
EndProject
Global
	GlobalSection(SolutionConfigurationPlatforms) = preSolution
		Debug|Any CPU = Debug|Any CPU
		Release|Any CPU = Release|Any CPU
	EndGlobalSection
	GlobalSection(ProjectConfigurationPlatforms) = postSolution
		{9719AD42-1FF4-43A9-8241-E5E38B9985FE}.Debug|Any CPU.ActiveCfg = Debug|Any CPU
		{9719AD42-1FF4-43A9-8241-E5E38B9985FE}.Debug|Any CPU.Build.0 = Debug|Any CPU
		{9719AD42-1FF4-43A9-8241-E5E38B9985FE}.Release|Any CPU.ActiveCfg = Release|Any CPU
		{9719AD42-1FF4-43A9-8241-E5E38B9985FE}.Release|Any CPU.Build.0 = Release|Any CPU
		{4C0C0100-4906-4D9B-8A1D-6CA176B08CDF}.Debug|Any CPU.ActiveCfg = Debug|Any CPU
		{4C0C0100-4906-4D9B-8A1D-6CA176B08CDF}.Debug|Any CPU.Build.0 = Debug|Any CPU
		{4C0C0100-4906-4D9B-8A1D-6CA176B08CDF}.Release|Any CPU.ActiveCfg = Release|Any CPU
		{4C0C0100-4906-4D9B-8A1D-6CA176B08CDF}.Release|Any CPU.Build.0 = Release|Any CPU
		{9141A1E1-4CB9-4595-8455-AA16A94EB7AD}.Debug|Any CPU.ActiveCfg = Debug|Any CPU
		{9141A1E1-4CB9-4595-8455-AA16A94EB7AD}.Debug|Any CPU.Build.0 = Debug|Any CPU
		{9141A1E1-4CB9-4595-8455-AA16A94EB7AD}.Release|Any CPU.ActiveCfg = Release|Any CPU
		{9141A1E1-4CB9-4595-8455-AA16A94EB7AD}.Release|Any CPU.Build.0 = Release|Any CPU
		{29F880EF-8A94-40E6-BC17-C4BD0F650795}.Debug|Any CPU.ActiveCfg = Debug|Any CPU
		{29F880EF-8A94-40E6-BC17-C4BD0F650795}.Debug|Any CPU.Build.0 = Debug|Any CPU
		{29F880EF-8A94-40E6-BC17-C4BD0F650795}.Release|Any CPU.ActiveCfg = Release|Any CPU
		{29F880EF-8A94-40E6-BC17-C4BD0F650795}.Release|Any CPU.Build.0 = Release|Any CPU
	EndGlobalSection
	GlobalSection(SolutionProperties) = preSolution
		HideSolutionNode = FALSE
	EndGlobalSection
	GlobalSection(ExtensibilityGlobals) = postSolution
		SolutionGuid = {7F7C5230-9950-4A2A-AC50-96FFE2828133}
	EndGlobalSection
EndGlobal
